
Microsoft Visual Studio Solution File, Format Version 12.00
# Visual Studio 2013
VisualStudioVersion = 12.0.30723.0
MinimumVisualStudioVersion = 10.0.40219.1
Project("{FAE04EC0-301F-11D3-BF4B-00C04F79EFBC}") = "Exam.WebForms", "Exam.WebForms\Exam.WebForms.csproj", "{598CC06D-8A07-4FA6-94A6-5D5E1E9A3519}"
EndProject
Global
	GlobalSection(SolutionConfigurationPlatforms) = preSolution
		Debug|Any CPU = Debug|Any CPU
		Release|Any CPU = Release|Any CPU
	EndGlobalSection
	GlobalSection(ProjectConfigurationPlatforms) = postSolution
		{598CC06D-8A07-4FA6-94A6-5D5E1E9A3519}.Debug|Any CPU.ActiveCfg = Debug|Any CPU
		{598CC06D-8A07-4FA6-94A6-5D5E1E9A3519}.Debug|Any CPU.Build.0 = Debug|Any CPU
		{598CC06D-8A07-4FA6-94A6-5D5E1E9A3519}.Release|Any CPU.ActiveCfg = Release|Any CPU
		{598CC06D-8A07-4FA6-94A6-5D5E1E9A3519}.Release|Any CPU.Build.0 = Release|Any CPU
	EndGlobalSection
	GlobalSection(SolutionProperties) = preSolution
		HideSolutionNode = FALSE
	EndGlobalSection
EndGlobal
