
Microsoft Visual Studio Solution File, Format Version 12.00
# Visual Studio 2013
VisualStudioVersion = 12.0.30723.0
MinimumVisualStudioVersion = 10.0.40219.1
Project("{FAE04EC0-301F-11D3-BF4B-00C04F79EFBC}") = "EmployeeOrders", "EmployeeOrders\EmployeeOrders.csproj", "{686359FE-86A4-4D50-BB38-7122B264546E}"
EndProject
Project("{FAE04EC0-301F-11D3-BF4B-00C04F79EFBC}") = "NorthwindData", "NorthwindData\NorthwindData.csproj", "{8D734369-E091-44AA-AA04-F9E00B353844}"
EndProject
Project("{FAE04EC0-301F-11D3-BF4B-00C04F79EFBC}") = "Chat", "Chat\Chat.csproj", "{A79BF74C-55E0-47D4-BD33-C512F4632765}"
EndProject
Project("{FAE04EC0-301F-11D3-BF4B-00C04F79EFBC}") = "ChatData", "ChatData\ChatData.csproj", "{3FE4C831-3C9F-4799-A777-28D2F253C430}"
EndProject
Project("{FAE04EC0-301F-11D3-BF4B-00C04F79EFBC}") = "AjaxPhotoAlbum", "AjaxPhotoAlbum\AjaxPhotoAlbum.csproj", "{CCA1E832-B8E0-4BC8-B30F-9E39CD337408}"
EndProject
Global
	GlobalSection(SolutionConfigurationPlatforms) = preSolution
		Debug|Any CPU = Debug|Any CPU
		Release|Any CPU = Release|Any CPU
	EndGlobalSection
	GlobalSection(ProjectConfigurationPlatforms) = postSolution
		{686359FE-86A4-4D50-BB38-7122B264546E}.Debug|Any CPU.ActiveCfg = Debug|Any CPU
		{686359FE-86A4-4D50-BB38-7122B264546E}.Debug|Any CPU.Build.0 = Debug|Any CPU
		{686359FE-86A4-4D50-BB38-7122B264546E}.Release|Any CPU.ActiveCfg = Release|Any CPU
		{686359FE-86A4-4D50-BB38-7122B264546E}.Release|Any CPU.Build.0 = Release|Any CPU
		{8D734369-E091-44AA-AA04-F9E00B353844}.Debug|Any CPU.ActiveCfg = Debug|Any CPU
		{8D734369-E091-44AA-AA04-F9E00B353844}.Debug|Any CPU.Build.0 = Debug|Any CPU
		{8D734369-E091-44AA-AA04-F9E00B353844}.Release|Any CPU.ActiveCfg = Release|Any CPU
		{8D734369-E091-44AA-AA04-F9E00B353844}.Release|Any CPU.Build.0 = Release|Any CPU
		{A79BF74C-55E0-47D4-BD33-C512F4632765}.Debug|Any CPU.ActiveCfg = Debug|Any CPU
		{A79BF74C-55E0-47D4-BD33-C512F4632765}.Debug|Any CPU.Build.0 = Debug|Any CPU
		{A79BF74C-55E0-47D4-BD33-C512F4632765}.Release|Any CPU.ActiveCfg = Release|Any CPU
		{A79BF74C-55E0-47D4-BD33-C512F4632765}.Release|Any CPU.Build.0 = Release|Any CPU
		{3FE4C831-3C9F-4799-A777-28D2F253C430}.Debug|Any CPU.ActiveCfg = Debug|Any CPU
		{3FE4C831-3C9F-4799-A777-28D2F253C430}.Debug|Any CPU.Build.0 = Debug|Any CPU
		{3FE4C831-3C9F-4799-A777-28D2F253C430}.Release|Any CPU.ActiveCfg = Release|Any CPU
		{3FE4C831-3C9F-4799-A777-28D2F253C430}.Release|Any CPU.Build.0 = Release|Any CPU
		{CCA1E832-B8E0-4BC8-B30F-9E39CD337408}.Debug|Any CPU.ActiveCfg = Debug|Any CPU
		{CCA1E832-B8E0-4BC8-B30F-9E39CD337408}.Debug|Any CPU.Build.0 = Debug|Any CPU
		{CCA1E832-B8E0-4BC8-B30F-9E39CD337408}.Release|Any CPU.ActiveCfg = Release|Any CPU
		{CCA1E832-B8E0-4BC8-B30F-9E39CD337408}.Release|Any CPU.Build.0 = Release|Any CPU
	EndGlobalSection
	GlobalSection(SolutionProperties) = preSolution
		HideSolutionNode = FALSE
	EndGlobalSection
EndGlobal
