
Microsoft Visual Studio Solution File, Format Version 12.00
# Visual Studio 2013
VisualStudioVersion = 12.0.30723.0
MinimumVisualStudioVersion = 10.0.40219.1
Project("{FAE04EC0-301F-11D3-BF4B-00C04F79EFBC}") = "Application.WebServices", "Application.WebServices\Application.WebServices.csproj", "{3CE3C0AB-C681-4B9B-802E-2291ED0FD81B}"
EndProject
Project("{FAE04EC0-301F-11D3-BF4B-00C04F79EFBC}") = "Application.WebServices.Tests", "Application.WebServices.Tests\Application.WebServices.Tests.csproj", "{F8118057-3708-41DB-A505-04F88903D02B}"
EndProject
Project("{FAE04EC0-301F-11D3-BF4B-00C04F79EFBC}") = "Application.Models", "Application.Models\Application.Models.csproj", "{D27F4742-CB35-40E6-89BF-875012092514}"
EndProject
Project("{FAE04EC0-301F-11D3-BF4B-00C04F79EFBC}") = "Application.Data", "Application.Data\Application.Data.csproj", "{21F5BFB4-86CB-410F-8CA7-B94B66D0D010}"
EndProject
Global
	GlobalSection(SolutionConfigurationPlatforms) = preSolution
		Debug|Any CPU = Debug|Any CPU
		Release|Any CPU = Release|Any CPU
	EndGlobalSection
	GlobalSection(ProjectConfigurationPlatforms) = postSolution
		{3CE3C0AB-C681-4B9B-802E-2291ED0FD81B}.Debug|Any CPU.ActiveCfg = Debug|Any CPU
		{3CE3C0AB-C681-4B9B-802E-2291ED0FD81B}.Debug|Any CPU.Build.0 = Debug|Any CPU
		{3CE3C0AB-C681-4B9B-802E-2291ED0FD81B}.Release|Any CPU.ActiveCfg = Release|Any CPU
		{3CE3C0AB-C681-4B9B-802E-2291ED0FD81B}.Release|Any CPU.Build.0 = Release|Any CPU
		{F8118057-3708-41DB-A505-04F88903D02B}.Debug|Any CPU.ActiveCfg = Debug|Any CPU
		{F8118057-3708-41DB-A505-04F88903D02B}.Debug|Any CPU.Build.0 = Debug|Any CPU
		{F8118057-3708-41DB-A505-04F88903D02B}.Release|Any CPU.ActiveCfg = Release|Any CPU
		{F8118057-3708-41DB-A505-04F88903D02B}.Release|Any CPU.Build.0 = Release|Any CPU
		{D27F4742-CB35-40E6-89BF-875012092514}.Debug|Any CPU.ActiveCfg = Debug|Any CPU
		{D27F4742-CB35-40E6-89BF-875012092514}.Debug|Any CPU.Build.0 = Debug|Any CPU
		{D27F4742-CB35-40E6-89BF-875012092514}.Release|Any CPU.ActiveCfg = Release|Any CPU
		{D27F4742-CB35-40E6-89BF-875012092514}.Release|Any CPU.Build.0 = Release|Any CPU
		{21F5BFB4-86CB-410F-8CA7-B94B66D0D010}.Debug|Any CPU.ActiveCfg = Debug|Any CPU
		{21F5BFB4-86CB-410F-8CA7-B94B66D0D010}.Debug|Any CPU.Build.0 = Debug|Any CPU
		{21F5BFB4-86CB-410F-8CA7-B94B66D0D010}.Release|Any CPU.ActiveCfg = Release|Any CPU
		{21F5BFB4-86CB-410F-8CA7-B94B66D0D010}.Release|Any CPU.Build.0 = Release|Any CPU
	EndGlobalSection
	GlobalSection(SolutionProperties) = preSolution
		HideSolutionNode = FALSE
	EndGlobalSection
EndGlobal
