
Microsoft Visual Studio Solution File, Format Version 12.00
# Visual Studio 2013
VisualStudioVersion = 12.0.30723.0
MinimumVisualStudioVersion = 10.0.40219.1
Project("{FAE04EC0-301F-11D3-BF4B-00C04F79EFBC}") = "LaptopSystem.Web", "LaptopSystem.Web\LaptopSystem.Web.csproj", "{97097B3D-1401-40F6-8E8C-28B73ABC8DCA}"
EndProject
Project("{FAE04EC0-301F-11D3-BF4B-00C04F79EFBC}") = "LaptopSystem.Model", "LaptopSystem.Model\LaptopSystem.Model.csproj", "{78943F34-104B-437B-B82B-6987FD22EE83}"
EndProject
Project("{FAE04EC0-301F-11D3-BF4B-00C04F79EFBC}") = "LaptopSystem.Data", "LaptopSystem.Data\LaptopSystem.Data.csproj", "{D5664552-5CA4-426C-86A4-84D9A0E75C3D}"
EndProject
Global
	GlobalSection(SolutionConfigurationPlatforms) = preSolution
		Debug|Any CPU = Debug|Any CPU
		Release|Any CPU = Release|Any CPU
	EndGlobalSection
	GlobalSection(ProjectConfigurationPlatforms) = postSolution
		{97097B3D-1401-40F6-8E8C-28B73ABC8DCA}.Debug|Any CPU.ActiveCfg = Debug|Any CPU
		{97097B3D-1401-40F6-8E8C-28B73ABC8DCA}.Debug|Any CPU.Build.0 = Debug|Any CPU
		{97097B3D-1401-40F6-8E8C-28B73ABC8DCA}.Release|Any CPU.ActiveCfg = Release|Any CPU
		{97097B3D-1401-40F6-8E8C-28B73ABC8DCA}.Release|Any CPU.Build.0 = Release|Any CPU
		{78943F34-104B-437B-B82B-6987FD22EE83}.Debug|Any CPU.ActiveCfg = Debug|Any CPU
		{78943F34-104B-437B-B82B-6987FD22EE83}.Debug|Any CPU.Build.0 = Debug|Any CPU
		{78943F34-104B-437B-B82B-6987FD22EE83}.Release|Any CPU.ActiveCfg = Release|Any CPU
		{78943F34-104B-437B-B82B-6987FD22EE83}.Release|Any CPU.Build.0 = Release|Any CPU
		{D5664552-5CA4-426C-86A4-84D9A0E75C3D}.Debug|Any CPU.ActiveCfg = Debug|Any CPU
		{D5664552-5CA4-426C-86A4-84D9A0E75C3D}.Debug|Any CPU.Build.0 = Debug|Any CPU
		{D5664552-5CA4-426C-86A4-84D9A0E75C3D}.Release|Any CPU.ActiveCfg = Release|Any CPU
		{D5664552-5CA4-426C-86A4-84D9A0E75C3D}.Release|Any CPU.Build.0 = Release|Any CPU
	EndGlobalSection
	GlobalSection(SolutionProperties) = preSolution
		HideSolutionNode = FALSE
	EndGlobalSection
EndGlobal
