
Microsoft Visual Studio Solution File, Format Version 12.00
# Visual Studio 2013
VisualStudioVersion = 12.0.30110.0
MinimumVisualStudioVersion = 10.0.40219.1
Project("{FAE04EC0-301F-11D3-BF4B-00C04F79EFBC}") = "Sudoku", "BGCODER\Sudoku.csproj", "{15FFA2F7-27D2-4661-9068-2F1D18801256}"
EndProject
Project("{FAE04EC0-301F-11D3-BF4B-00C04F79EFBC}") = "CatalanNumbers", "CatalanNumbers\CatalanNumbers.csproj", "{F0B37B4A-A9D0-44C0-86B7-05E3F3593C24}"
EndProject
Global
	GlobalSection(SolutionConfigurationPlatforms) = preSolution
		Debug|Any CPU = Debug|Any CPU
		Release|Any CPU = Release|Any CPU
	EndGlobalSection
	GlobalSection(ProjectConfigurationPlatforms) = postSolution
		{15FFA2F7-27D2-4661-9068-2F1D18801256}.Debug|Any CPU.ActiveCfg = Debug|Any CPU
		{15FFA2F7-27D2-4661-9068-2F1D18801256}.Debug|Any CPU.Build.0 = Debug|Any CPU
		{15FFA2F7-27D2-4661-9068-2F1D18801256}.Release|Any CPU.ActiveCfg = Release|Any CPU
		{15FFA2F7-27D2-4661-9068-2F1D18801256}.Release|Any CPU.Build.0 = Release|Any CPU
		{F0B37B4A-A9D0-44C0-86B7-05E3F3593C24}.Debug|Any CPU.ActiveCfg = Debug|Any CPU
		{F0B37B4A-A9D0-44C0-86B7-05E3F3593C24}.Debug|Any CPU.Build.0 = Debug|Any CPU
		{F0B37B4A-A9D0-44C0-86B7-05E3F3593C24}.Release|Any CPU.ActiveCfg = Release|Any CPU
		{F0B37B4A-A9D0-44C0-86B7-05E3F3593C24}.Release|Any CPU.Build.0 = Release|Any CPU
	EndGlobalSection
	GlobalSection(SolutionProperties) = preSolution
		HideSolutionNode = FALSE
	EndGlobalSection
EndGlobal
